
Microsoft Visual Studio Solution File, Format Version 12.00
# Visual Studio Version 17
VisualStudioVersion = 17.5.33627.172
MinimumVisualStudioVersion = 10.0.40219.1
Project("{FAE04EC0-301F-11D3-BF4B-00C04F79EFBC}") = "MON-PAT", "MON-PAT\MON-PAT.csproj", "{B380C352-0206-4A9D-BA5E-2B7588985645}"
EndProject
Global
	GlobalSection(SolutionConfigurationPlatforms) = preSolution
		Debug|Any CPU = Debug|Any CPU
		Release|Any CPU = Release|Any CPU
	EndGlobalSection
	GlobalSection(ProjectConfigurationPlatforms) = postSolution
		{B380C352-0206-4A9D-BA5E-2B7588985645}.Debug|Any CPU.ActiveCfg = Debug|Any CPU
		{B380C352-0206-4A9D-BA5E-2B7588985645}.Debug|Any CPU.Build.0 = Debug|Any CPU
		{B380C352-0206-4A9D-BA5E-2B7588985645}.Release|Any CPU.ActiveCfg = Release|Any CPU
		{B380C352-0206-4A9D-BA5E-2B7588985645}.Release|Any CPU.Build.0 = Release|Any CPU
	EndGlobalSection
	GlobalSection(SolutionProperties) = preSolution
		HideSolutionNode = FALSE
	EndGlobalSection
	GlobalSection(ExtensibilityGlobals) = postSolution
		SolutionGuid = {4366122C-1E91-4F06-97EF-56DE515AB9EF}
	EndGlobalSection
EndGlobal
